// !$*UTF8*$!
{
	archiveVersion = 1;
	classes = {
	};
	objectVersion = 50;
	objects = {

/* Begin PBXBuildFile section */
		437DDD2F239055B700BE6266 /* AppDelegate.swift in Sources */ = {isa = PBXBuildFile; fileRef = 437DDD2E239055B700BE6266 /* AppDelegate.swift */; };
		437DDD31239055B700BE6266 /* SceneDelegate.swift in Sources */ = {isa = PBXBuildFile; fileRef = 437DDD30239055B700BE6266 /* SceneDelegate.swift */; };
		437DDD33239055B700BE6266 /* ContentView.swift in Sources */ = {isa = PBXBuildFile; fileRef = 437DDD32239055B700BE6266 /* ContentView.swift */; };
		437DDD35239055C600BE6266 /* Assets.xcassets in Resources */ = {isa = PBXBuildFile; fileRef = 437DDD34239055C600BE6266 /* Assets.xcassets */; };
		437DDD38239055C600BE6266 /* Preview Assets.xcassets in Resources */ = {isa = PBXBuildFile; fileRef = 437DDD37239055C600BE6266 /* Preview Assets.xcassets */; };
		437DDD3B239055C600BE6266 /* LaunchScreen.storyboard in Resources */ = {isa = PBXBuildFile; fileRef = 437DDD39239055C600BE6266 /* LaunchScreen.storyboard */; };
		437DDD46239055C600BE6266 /* swift_hello_worldTests.swift in Sources */ = {isa = PBXBuildFile; fileRef = 437DDD45239055C600BE6266 /* swift_hello_worldTests.swift */; };
		437DDD51239055C600BE6266 /* swift_hello_worldUITests.swift in Sources */ = {isa = PBXBuildFile; fileRef = 437DDD50239055C600BE6266 /* swift_hello_worldUITests.swift */; };
		437DDD6323905A1500BE6266 /* CircleImage.swift in Sources */ = {isa = PBXBuildFile; fileRef = 437DDD6223905A1500BE6266 /* CircleImage.swift */; };
		437DDD6723917E7400BE6266 /* MapView.swift in Sources */ = {isa = PBXBuildFile; fileRef = 437DDD6623917E7400BE6266 /* MapView.swift */; };
		437DDD692391892100BE6266 /* Landmark.swift in Sources */ = {isa = PBXBuildFile; fileRef = 437DDD682391892100BE6266 /* Landmark.swift */; };
		437DDD6B2391897E00BE6266 /* landmarkData.json in Resources */ = {isa = PBXBuildFile; fileRef = 437DDD6A2391897E00BE6266 /* landmarkData.json */; };
		437DDD6D23918ACD00BE6266 /* LandmarkDetail.swift in Sources */ = {isa = PBXBuildFile; fileRef = 437DDD6C23918ACD00BE6266 /* LandmarkDetail.swift */; };
		437DDD6F23918BC800BE6266 /* LandmarkRow.swift in Sources */ = {isa = PBXBuildFile; fileRef = 437DDD6E23918BC800BE6266 /* LandmarkRow.swift */; };
		437DDD7423918F9E00BE6266 /* MapView.swift in Sources */ = {isa = PBXBuildFile; fileRef = 437DDD7123918F9D00BE6266 /* MapView.swift */; };
		437DDD7523918F9E00BE6266 /* CircleImage.swift in Sources */ = {isa = PBXBuildFile; fileRef = 437DDD7223918F9D00BE6266 /* CircleImage.swift */; };
		437DDD7623918F9E00BE6266 /* LandmarkRow.swift in Sources */ = {isa = PBXBuildFile; fileRef = 437DDD7323918F9D00BE6266 /* LandmarkRow.swift */; };
		437DDD8523918FB200BE6266 /* turtlerock.jpg in Resources */ = {isa = PBXBuildFile; fileRef = 437DDD7823918FB200BE6266 /* turtlerock.jpg */; };
		437DDD8623918FB200BE6266 /* silversalmoncreek.jpg in Resources */ = {isa = PBXBuildFile; fileRef = 437DDD7923918FB200BE6266 /* silversalmoncreek.jpg */; };
		437DDD8723918FB200BE6266 /* icybay.jpg in Resources */ = {isa = PBXBuildFile; fileRef = 437DDD7A23918FB200BE6266 /* icybay.jpg */; };
		437DDD8823918FB200BE6266 /* lakemcdonald.jpg in Resources */ = {isa = PBXBuildFile; fileRef = 437DDD7B23918FB200BE6266 /* lakemcdonald.jpg */; };
		437DDD8923918FB200BE6266 /* hiddenlake.jpg in Resources */ = {isa = PBXBuildFile; fileRef = 437DDD7C23918FB200BE6266 /* hiddenlake.jpg */; };
		437DDD8A23918FB200BE6266 /* twinlake.jpg in Resources */ = {isa = PBXBuildFile; fileRef = 437DDD7D23918FB200BE6266 /* twinlake.jpg */; };
		437DDD8B23918FB200BE6266 /* umbagog.jpg in Resources */ = {isa = PBXBuildFile; fileRef = 437DDD7E23918FB200BE6266 /* umbagog.jpg */; };
		437DDD8C23918FB200BE6266 /* landmarkData.json in Resources */ = {isa = PBXBuildFile; fileRef = 437DDD7F23918FB200BE6266 /* landmarkData.json */; };
		437DDD8D23918FB200BE6266 /* chincoteague.jpg in Resources */ = {isa = PBXBuildFile; fileRef = 437DDD8023918FB200BE6266 /* chincoteague.jpg */; };
		437DDD8E23918FB200BE6266 /* yukon_charleyrivers.jpg in Resources */ = {isa = PBXBuildFile; fileRef = 437DDD8123918FB200BE6266 /* yukon_charleyrivers.jpg */; };
		437DDD8F23918FB200BE6266 /* stmarylake.jpg in Resources */ = {isa = PBXBuildFile; fileRef = 437DDD8223918FB200BE6266 /* stmarylake.jpg */; };
		437DDD9023918FB200BE6266 /* chilkoottrail.jpg in Resources */ = {isa = PBXBuildFile; fileRef = 437DDD8323918FB200BE6266 /* chilkoottrail.jpg */; };
		437DDD9123918FB200BE6266 /* rainbowlake.jpg in Resources */ = {isa = PBXBuildFile; fileRef = 437DDD8423918FB200BE6266 /* rainbowlake.jpg */; };
/* End PBXBuildFile section */

/* Begin PBXContainerItemProxy section */
		437DDD42239055C600BE6266 /* PBXContainerItemProxy */ = {
			isa = PBXContainerItemProxy;
			containerPortal = 437DDD23239055B700BE6266 /* Project object */;
			proxyType = 1;
			remoteGlobalIDString = 437DDD2A239055B700BE6266;
			remoteInfo = "swift-hello-world";
		};
		437DDD4D239055C600BE6266 /* PBXContainerItemProxy */ = {
			isa = PBXContainerItemProxy;
			containerPortal = 437DDD23239055B700BE6266 /* Project object */;
			proxyType = 1;
			remoteGlobalIDString = 437DDD2A239055B700BE6266;
			remoteInfo = "swift-hello-world";
		};
/* End PBXContainerItemProxy section */

/* Begin PBXFileReference section */
		437DDD2B239055B700BE6266 /* swift-hello-world.app */ = {isa = PBXFileReference; explicitFileType = wrapper.application; includeInIndex = 0; path = "swift-hello-world.app"; sourceTree = BUILT_PRODUCTS_DIR; };
		437DDD2E239055B700BE6266 /* AppDelegate.swift */ = {isa = PBXFileReference; lastKnownFileType = sourcecode.swift; path = AppDelegate.swift; sourceTree = "<group>"; };
		437DDD30239055B700BE6266 /* SceneDelegate.swift */ = {isa = PBXFileReference; lastKnownFileType = sourcecode.swift; path = SceneDelegate.swift; sourceTree = "<group>"; };
		437DDD32239055B700BE6266 /* ContentView.swift */ = {isa = PBXFileReference; lastKnownFileType = sourcecode.swift; path = ContentView.swift; sourceTree = "<group>"; };
		437DDD34239055C600BE6266 /* Assets.xcassets */ = {isa = PBXFileReference; lastKnownFileType = folder.assetcatalog; path = Assets.xcassets; sourceTree = "<group>"; };
		437DDD37239055C600BE6266 /* Preview Assets.xcassets */ = {isa = PBXFileReference; lastKnownFileType = folder.assetcatalog; path = "Preview Assets.xcassets"; sourceTree = "<group>"; };
		437DDD3A239055C600BE6266 /* Base */ = {isa = PBXFileReference; lastKnownFileType = file.storyboard; name = Base; path = Base.lproj/LaunchScreen.storyboard; sourceTree = "<group>"; };
		437DDD3C239055C600BE6266 /* Info.plist */ = {isa = PBXFileReference; lastKnownFileType = text.plist.xml; path = Info.plist; sourceTree = "<group>"; };
		437DDD41239055C600BE6266 /* swift-hello-worldTests.xctest */ = {isa = PBXFileReference; explicitFileType = wrapper.cfbundle; includeInIndex = 0; path = "swift-hello-worldTests.xctest"; sourceTree = BUILT_PRODUCTS_DIR; };
		437DDD45239055C600BE6266 /* swift_hello_worldTests.swift */ = {isa = PBXFileReference; lastKnownFileType = sourcecode.swift; path = swift_hello_worldTests.swift; sourceTree = "<group>"; };
		437DDD47239055C600BE6266 /* Info.plist */ = {isa = PBXFileReference; lastKnownFileType = text.plist.xml; path = Info.plist; sourceTree = "<group>"; };
		437DDD4C239055C600BE6266 /* swift-hello-worldUITests.xctest */ = {isa = PBXFileReference; explicitFileType = wrapper.cfbundle; includeInIndex = 0; path = "swift-hello-worldUITests.xctest"; sourceTree = BUILT_PRODUCTS_DIR; };
		437DDD50239055C600BE6266 /* swift_hello_worldUITests.swift */ = {isa = PBXFileReference; lastKnownFileType = sourcecode.swift; path = swift_hello_worldUITests.swift; sourceTree = "<group>"; };
		437DDD52239055C600BE6266 /* Info.plist */ = {isa = PBXFileReference; lastKnownFileType = text.plist.xml; path = Info.plist; sourceTree = "<group>"; };
		437DDD6223905A1500BE6266 /* CircleImage.swift */ = {isa = PBXFileReference; lastKnownFileType = sourcecode.swift; path = CircleImage.swift; sourceTree = "<group>"; };
		437DDD6623917E7400BE6266 /* MapView.swift */ = {isa = PBXFileReference; lastKnownFileType = sourcecode.swift; path = MapView.swift; sourceTree = "<group>"; };
		437DDD682391892100BE6266 /* Landmark.swift */ = {isa = PBXFileReference; fileEncoding = 4; lastKnownFileType = sourcecode.swift; path = Landmark.swift; sourceTree = "<group>"; };
		437DDD6A2391897E00BE6266 /* landmarkData.json */ = {isa = PBXFileReference; fileEncoding = 4; lastKnownFileType = text.json; path = landmarkData.json; sourceTree = "<group>"; };
		437DDD6C23918ACD00BE6266 /* LandmarkDetail.swift */ = {isa = PBXFileReference; fileEncoding = 4; lastKnownFileType = sourcecode.swift; path = LandmarkDetail.swift; sourceTree = "<group>"; };
		437DDD6E23918BC800BE6266 /* LandmarkRow.swift */ = {isa = PBXFileReference; lastKnownFileType = sourcecode.swift; path = LandmarkRow.swift; sourceTree = "<group>"; };
		437DDD7123918F9D00BE6266 /* MapView.swift */ = {isa = PBXFileReference; fileEncoding = 4; lastKnownFileType = sourcecode.swift; path = MapView.swift; sourceTree = "<group>"; };
		437DDD7223918F9D00BE6266 /* CircleImage.swift */ = {isa = PBXFileReference; fileEncoding = 4; lastKnownFileType = sourcecode.swift; path = CircleImage.swift; sourceTree = "<group>"; };
		437DDD7323918F9D00BE6266 /* LandmarkRow.swift */ = {isa = PBXFileReference; fileEncoding = 4; lastKnownFileType = sourcecode.swift; path = LandmarkRow.swift; sourceTree = "<group>"; };
		437DDD7823918FB200BE6266 /* turtlerock.jpg */ = {isa = PBXFileReference; lastKnownFileType = image.jpeg; path = turtlerock.jpg; sourceTree = "<group>"; };
		437DDD7923918FB200BE6266 /* silversalmoncreek.jpg */ = {isa = PBXFileReference; lastKnownFileType = image.jpeg; path = silversalmoncreek.jpg; sourceTree = "<group>"; };
		437DDD7A23918FB200BE6266 /* icybay.jpg */ = {isa = PBXFileReference; lastKnownFileType = image.jpeg; path = icybay.jpg; sourceTree = "<group>"; };
		437DDD7B23918FB200BE6266 /* lakemcdonald.jpg */ = {isa = PBXFileReference; lastKnownFileType = image.jpeg; path = lakemcdonald.jpg; sourceTree = "<group>"; };
		437DDD7C23918FB200BE6266 /* hiddenlake.jpg */ = {isa = PBXFileReference; lastKnownFileType = image.jpeg; path = hiddenlake.jpg; sourceTree = "<group>"; };
		437DDD7D23918FB200BE6266 /* twinlake.jpg */ = {isa = PBXFileReference; lastKnownFileType = image.jpeg; path = twinlake.jpg; sourceTree = "<group>"; };
		437DDD7E23918FB200BE6266 /* umbagog.jpg */ = {isa = PBXFileReference; lastKnownFileType = image.jpeg; path = umbagog.jpg; sourceTree = "<group>"; };
		437DDD7F23918FB200BE6266 /* landmarkData.json */ = {isa = PBXFileReference; fileEncoding = 4; lastKnownFileType = text.json; path = landmarkData.json; sourceTree = "<group>"; };
		437DDD8023918FB200BE6266 /* chincoteague.jpg */ = {isa = PBXFileReference; lastKnownFileType = image.jpeg; path = chincoteague.jpg; sourceTree = "<group>"; };
		437DDD8123918FB200BE6266 /* yukon_charleyrivers.jpg */ = {isa = PBXFileReference; lastKnownFileType = image.jpeg; path = yukon_charleyrivers.jpg; sourceTree = "<group>"; };
		437DDD8223918FB200BE6266 /* stmarylake.jpg */ = {isa = PBXFileReference; lastKnownFileType = image.jpeg; path = stmarylake.jpg; sourceTree = "<group>"; };
		437DDD8323918FB200BE6266 /* chilkoottrail.jpg */ = {isa = PBXFileReference; lastKnownFileType = image.jpeg; path = chilkoottrail.jpg; sourceTree = "<group>"; };
		437DDD8423918FB200BE6266 /* rainbowlake.jpg */ = {isa = PBXFileReference; lastKnownFileType = image.jpeg; path = rainbowlake.jpg; sourceTree = "<group>"; };
/* End PBXFileReference section */

/* Begin PBXFrameworksBuildPhase section */
		437DDD28239055B700BE6266 /* Frameworks */ = {
			isa = PBXFrameworksBuildPhase;
			buildActionMask = 2147483647;
			files = (
			);
			runOnlyForDeploymentPostprocessing = 0;
		};
		437DDD3E239055C600BE6266 /* Frameworks */ = {
			isa = PBXFrameworksBuildPhase;
			buildActionMask = 2147483647;
			files = (
			);
			runOnlyForDeploymentPostprocessing = 0;
		};
		437DDD49239055C600BE6266 /* Frameworks */ = {
			isa = PBXFrameworksBuildPhase;
			buildActionMask = 2147483647;
			files = (
			);
			runOnlyForDeploymentPostprocessing = 0;
		};
/* End PBXFrameworksBuildPhase section */

/* Begin PBXGroup section */
		437DDD22239055B700BE6266 = {
			isa = PBXGroup;
			children = (
				437DDD2D239055B700BE6266 /* swift-hello-world */,
				437DDD44239055C600BE6266 /* swift-hello-worldTests */,
				437DDD4F239055C600BE6266 /* swift-hello-worldUITests */,
				437DDD2C239055B700BE6266 /* Products */,
			);
			sourceTree = "<group>";
		};
		437DDD2C239055B700BE6266 /* Products */ = {
			isa = PBXGroup;
			children = (
				437DDD2B239055B700BE6266 /* swift-hello-world.app */,
				437DDD41239055C600BE6266 /* swift-hello-worldTests.xctest */,
				437DDD4C239055C600BE6266 /* swift-hello-worldUITests.xctest */,
			);
			name = Products;
			sourceTree = "<group>";
		};
		437DDD2D239055B700BE6266 /* swift-hello-world */ = {
			isa = PBXGroup;
			children = (
				437DDD7723918FB200BE6266 /* Resources */,
				437DDD7023918F9D00BE6266 /* Supporting Views */,
				437DDD682391892100BE6266 /* Landmark.swift */,
				437DDD6E23918BC800BE6266 /* LandmarkRow.swift */,
				437DDD6C23918ACD00BE6266 /* LandmarkDetail.swift */,
				437DDD6A2391897E00BE6266 /* landmarkData.json */,
				437DDD6623917E7400BE6266 /* MapView.swift */,
				437DDD6223905A1500BE6266 /* CircleImage.swift */,
				437DDD2E239055B700BE6266 /* AppDelegate.swift */,
				437DDD30239055B700BE6266 /* SceneDelegate.swift */,
				437DDD32239055B700BE6266 /* ContentView.swift */,
				437DDD34239055C600BE6266 /* Assets.xcassets */,
				437DDD39239055C600BE6266 /* LaunchScreen.storyboard */,
				437DDD3C239055C600BE6266 /* Info.plist */,
				437DDD36239055C600BE6266 /* Preview Content */,
			);
			path = "swift-hello-world";
			sourceTree = "<group>";
		};
		437DDD36239055C600BE6266 /* Preview Content */ = {
			isa = PBXGroup;
			children = (
				437DDD37239055C600BE6266 /* Preview Assets.xcassets */,
			);
			path = "Preview Content";
			sourceTree = "<group>";
		};
		437DDD44239055C600BE6266 /* swift-hello-worldTests */ = {
			isa = PBXGroup;
			children = (
				437DDD45239055C600BE6266 /* swift_hello_worldTests.swift */,
				437DDD47239055C600BE6266 /* Info.plist */,
			);
			path = "swift-hello-worldTests";
			sourceTree = "<group>";
		};
		437DDD4F239055C600BE6266 /* swift-hello-worldUITests */ = {
			isa = PBXGroup;
			children = (
				437DDD50239055C600BE6266 /* swift_hello_worldUITests.swift */,
				437DDD52239055C600BE6266 /* Info.plist */,
			);
			path = "swift-hello-worldUITests";
			sourceTree = "<group>";
		};
		437DDD7023918F9D00BE6266 /* Supporting Views */ = {
			isa = PBXGroup;
			children = (
				437DDD7123918F9D00BE6266 /* MapView.swift */,
				437DDD7223918F9D00BE6266 /* CircleImage.swift */,
				437DDD7323918F9D00BE6266 /* LandmarkRow.swift */,
			);
			path = "Supporting Views";
			sourceTree = "<group>";
		};
		437DDD7723918FB200BE6266 /* Resources */ = {
			isa = PBXGroup;
			children = (
				437DDD7823918FB200BE6266 /* turtlerock.jpg */,
				437DDD7923918FB200BE6266 /* silversalmoncreek.jpg */,
				437DDD7A23918FB200BE6266 /* icybay.jpg */,
				437DDD7B23918FB200BE6266 /* lakemcdonald.jpg */,
				437DDD7C23918FB200BE6266 /* hiddenlake.jpg */,
				437DDD7D23918FB200BE6266 /* twinlake.jpg */,
				437DDD7E23918FB200BE6266 /* umbagog.jpg */,
				437DDD7F23918FB200BE6266 /* landmarkData.json */,
				437DDD8023918FB200BE6266 /* chincoteague.jpg */,
				437DDD8123918FB200BE6266 /* yukon_charleyrivers.jpg */,
				437DDD8223918FB200BE6266 /* stmarylake.jpg */,
				437DDD8323918FB200BE6266 /* chilkoottrail.jpg */,
				437DDD8423918FB200BE6266 /* rainbowlake.jpg */,
			);
			path = Resources;
			sourceTree = "<group>";
		};
/* End PBXGroup section */

/* Begin PBXNativeTarget section */
		437DDD2A239055B700BE6266 /* swift-hello-world */ = {
			isa = PBXNativeTarget;
			buildConfigurationList = 437DDD55239055C600BE6266 /* Build configuration list for PBXNativeTarget "swift-hello-world" */;
			buildPhases = (
				437DDD27239055B700BE6266 /* Sources */,
				437DDD28239055B700BE6266 /* Frameworks */,
				437DDD29239055B700BE6266 /* Resources */,
			);
			buildRules = (
			);
			dependencies = (
			);
			name = "swift-hello-world";
			productName = "swift-hello-world";
			productReference = 437DDD2B239055B700BE6266 /* swift-hello-world.app */;
			productType = "com.apple.product-type.application";
		};
		437DDD40239055C600BE6266 /* swift-hello-worldTests */ = {
			isa = PBXNativeTarget;
			buildConfigurationList = 437DDD58239055C600BE6266 /* Build configuration list for PBXNativeTarget "swift-hello-worldTests" */;
			buildPhases = (
				437DDD3D239055C600BE6266 /* Sources */,
				437DDD3E239055C600BE6266 /* Frameworks */,
				437DDD3F239055C600BE6266 /* Resources */,
			);
			buildRules = (
			);
			dependencies = (
				437DDD43239055C600BE6266 /* PBXTargetDependency */,
			);
			name = "swift-hello-worldTests";
			productName = "swift-hello-worldTests";
			productReference = 437DDD41239055C600BE6266 /* swift-hello-worldTests.xctest */;
			productType = "com.apple.product-type.bundle.unit-test";
		};
		437DDD4B239055C600BE6266 /* swift-hello-worldUITests */ = {
			isa = PBXNativeTarget;
			buildConfigurationList = 437DDD5B239055C600BE6266 /* Build configuration list for PBXNativeTarget "swift-hello-worldUITests" */;
			buildPhases = (
				437DDD48239055C600BE6266 /* Sources */,
				437DDD49239055C600BE6266 /* Frameworks */,
				437DDD4A239055C600BE6266 /* Resources */,
			);
			buildRules = (
			);
			dependencies = (
				437DDD4E239055C600BE6266 /* PBXTargetDependency */,
			);
			name = "swift-hello-worldUITests";
			productName = "swift-hello-worldUITests";
			productReference = 437DDD4C239055C600BE6266 /* swift-hello-worldUITests.xctest */;
			productType = "com.apple.product-type.bundle.ui-testing";
		};
/* End PBXNativeTarget section */

/* Begin PBXProject section */
		437DDD23239055B700BE6266 /* Project object */ = {
			isa = PBXProject;
			attributes = {
				LastSwiftUpdateCheck = 1120;
				LastUpgradeCheck = 1120;
				ORGANIZATIONNAME = "DAM+DM-2019";
				TargetAttributes = {
					437DDD2A239055B700BE6266 = {
						CreatedOnToolsVersion = 11.2.1;
					};
					437DDD40239055C600BE6266 = {
						CreatedOnToolsVersion = 11.2.1;
						TestTargetID = 437DDD2A239055B700BE6266;
					};
					437DDD4B239055C600BE6266 = {
						CreatedOnToolsVersion = 11.2.1;
						TestTargetID = 437DDD2A239055B700BE6266;
					};
				};
			};
			buildConfigurationList = 437DDD26239055B700BE6266 /* Build configuration list for PBXProject "swift-hello-world" */;
			compatibilityVersion = "Xcode 9.3";
			developmentRegion = en;
			hasScannedForEncodings = 0;
			knownRegions = (
				en,
				Base,
			);
			mainGroup = 437DDD22239055B700BE6266;
			productRefGroup = 437DDD2C239055B700BE6266 /* Products */;
			projectDirPath = "";
			projectRoot = "";
			targets = (
				437DDD2A239055B700BE6266 /* swift-hello-world */,
				437DDD40239055C600BE6266 /* swift-hello-worldTests */,
				437DDD4B239055C600BE6266 /* swift-hello-worldUITests */,
			);
		};
/* End PBXProject section */

/* Begin PBXResourcesBuildPhase section */
		437DDD29239055B700BE6266 /* Resources */ = {
			isa = PBXResourcesBuildPhase;
			buildActionMask = 2147483647;
			files = (
				437DDD8E23918FB200BE6266 /* yukon_charleyrivers.jpg in Resources */,
				437DDD3B239055C600BE6266 /* LaunchScreen.storyboard in Resources */,
				437DDD6B2391897E00BE6266 /* landmarkData.json in Resources */,
				437DDD38239055C600BE6266 /* Preview Assets.xcassets in Resources */,
				437DDD8623918FB200BE6266 /* silversalmoncreek.jpg in Resources */,
				437DDD35239055C600BE6266 /* Assets.xcassets in Resources */,
				437DDD8F23918FB200BE6266 /* stmarylake.jpg in Resources */,
				437DDD8D23918FB200BE6266 /* chincoteague.jpg in Resources */,
				437DDD8C23918FB200BE6266 /* landmarkData.json in Resources */,
				437DDD9023918FB200BE6266 /* chilkoottrail.jpg in Resources */,
				437DDD8723918FB200BE6266 /* icybay.jpg in Resources */,
				437DDD8A23918FB200BE6266 /* twinlake.jpg in Resources */,
				437DDD8823918FB200BE6266 /* lakemcdonald.jpg in Resources */,
				437DDD8923918FB200BE6266 /* hiddenlake.jpg in Resources */,
				437DDD8B23918FB200BE6266 /* umbagog.jpg in Resources */,
				437DDD8523918FB200BE6266 /* turtlerock.jpg in Resources */,
				437DDD9123918FB200BE6266 /* rainbowlake.jpg in Resources */,
			);
			runOnlyForDeploymentPostprocessing = 0;
		};
		437DDD3F239055C600BE6266 /* Resources */ = {
			isa = PBXResourcesBuildPhase;
			buildActionMask = 2147483647;
			files = (
			);
			runOnlyForDeploymentPostprocessing = 0;
		};
		437DDD4A239055C600BE6266 /* Resources */ = {
			isa = PBXResourcesBuildPhase;
			buildActionMask = 2147483647;
			files = (
			);
			runOnlyForDeploymentPostprocessing = 0;
		};
/* End PBXResourcesBuildPhase section */

/* Begin PBXSourcesBuildPhase section */
		437DDD27239055B700BE6266 /* Sources */ = {
			isa = PBXSourcesBuildPhase;
			buildActionMask = 2147483647;
			files = (
				437DDD2F239055B700BE6266 /* AppDelegate.swift in Sources */,
				437DDD6323905A1500BE6266 /* CircleImage.swift in Sources */,
				437DDD6723917E7400BE6266 /* MapView.swift in Sources */,
				437DDD31239055B700BE6266 /* SceneDelegate.swift in Sources */,
				437DDD33239055B700BE6266 /* ContentView.swift in Sources */,
				437DDD692391892100BE6266 /* Landmark.swift in Sources */,
				437DDD6F23918BC800BE6266 /* LandmarkRow.swift in Sources */,
				437DDD7423918F9E00BE6266 /* MapView.swift in Sources */,
				437DDD7623918F9E00BE6266 /* LandmarkRow.swift in Sources */,
				437DDD6D23918ACD00BE6266 /* LandmarkDetail.swift in Sources */,
				437DDD7523918F9E00BE6266 /* CircleImage.swift in Sources */,
			);
			runOnlyForDeploymentPostprocessing = 0;
		};
		437DDD3D239055C600BE6266 /* Sources */ = {
			isa = PBXSourcesBuildPhase;
			buildActionMask = 2147483647;
			files = (
				437DDD46239055C600BE6266 /* swift_hello_worldTests.swift in Sources */,
			);
			runOnlyForDeploymentPostprocessing = 0;
		};
		437DDD48239055C600BE6266 /* Sources */ = {
			isa = PBXSourcesBuildPhase;
			buildActionMask = 2147483647;
			files = (
				437DDD51239055C600BE6266 /* swift_hello_worldUITests.swift in Sources */,
			);
			runOnlyForDeploymentPostprocessing = 0;
		};
/* End PBXSourcesBuildPhase section */

/* Begin PBXTargetDependency section */
		437DDD43239055C600BE6266 /* PBXTargetDependency */ = {
			isa = PBXTargetDependency;
			target = 437DDD2A239055B700BE6266 /* swift-hello-world */;
			targetProxy = 437DDD42239055C600BE6266 /* PBXContainerItemProxy */;
		};
		437DDD4E239055C600BE6266 /* PBXTargetDependency */ = {
			isa = PBXTargetDependency;
			target = 437DDD2A239055B700BE6266 /* swift-hello-world */;
			targetProxy = 437DDD4D239055C600BE6266 /* PBXContainerItemProxy */;
		};
/* End PBXTargetDependency section */

/* Begin PBXVariantGroup section */
		437DDD39239055C600BE6266 /* LaunchScreen.storyboard */ = {
			isa = PBXVariantGroup;
			children = (
				437DDD3A239055C600BE6266 /* Base */,
			);
			name = LaunchScreen.storyboard;
			sourceTree = "<group>";
		};
/* End PBXVariantGroup section */

/* Begin XCBuildConfiguration section */
		437DDD53239055C600BE6266 /* Debug */ = {
			isa = XCBuildConfiguration;
			buildSettings = {
				ALWAYS_SEARCH_USER_PATHS = NO;
				CLANG_ANALYZER_NONNULL = YES;
				CLANG_ANALYZER_NUMBER_OBJECT_CONVERSION = YES_AGGRESSIVE;
				CLANG_CXX_LANGUAGE_STANDARD = "gnu++14";
				CLANG_CXX_LIBRARY = "libc++";
				CLANG_ENABLE_MODULES = YES;
				CLANG_ENABLE_OBJC_ARC = YES;
				CLANG_ENABLE_OBJC_WEAK = YES;
				CLANG_WARN_BLOCK_CAPTURE_AUTORELEASING = YES;
				CLANG_WARN_BOOL_CONVERSION = YES;
				CLANG_WARN_COMMA = YES;
				CLANG_WARN_CONSTANT_CONVERSION = YES;
				CLANG_WARN_DEPRECATED_OBJC_IMPLEMENTATIONS = YES;
				CLANG_WARN_DIRECT_OBJC_ISA_USAGE = YES_ERROR;
				CLANG_WARN_DOCUMENTATION_COMMENTS = YES;
				CLANG_WARN_EMPTY_BODY = YES;
				CLANG_WARN_ENUM_CONVERSION = YES;
				CLANG_WARN_INFINITE_RECURSION = YES;
				CLANG_WARN_INT_CONVERSION = YES;
				CLANG_WARN_NON_LITERAL_NULL_CONVERSION = YES;
				CLANG_WARN_OBJC_IMPLICIT_RETAIN_SELF = YES;
				CLANG_WARN_OBJC_LITERAL_CONVERSION = YES;
				CLANG_WARN_OBJC_ROOT_CLASS = YES_ERROR;
				CLANG_WARN_RANGE_LOOP_ANALYSIS = YES;
				CLANG_WARN_STRICT_PROTOTYPES = YES;
				CLANG_WARN_SUSPICIOUS_MOVE = YES;
				CLANG_WARN_UNGUARDED_AVAILABILITY = YES_AGGRESSIVE;
				CLANG_WARN_UNREACHABLE_CODE = YES;
				CLANG_WARN__DUPLICATE_METHOD_MATCH = YES;
				COPY_PHASE_STRIP = NO;
				DEBUG_INFORMATION_FORMAT = dwarf;
				ENABLE_STRICT_OBJC_MSGSEND = YES;
				ENABLE_TESTABILITY = YES;
				GCC_C_LANGUAGE_STANDARD = gnu11;
				GCC_DYNAMIC_NO_PIC = NO;
				GCC_NO_COMMON_BLOCKS = YES;
				GCC_OPTIMIZATION_LEVEL = 0;
				GCC_PREPROCESSOR_DEFINITIONS = (
					"DEBUG=1",
					"$(inherited)",
				);
				GCC_WARN_64_TO_32_BIT_CONVERSION = YES;
				GCC_WARN_ABOUT_RETURN_TYPE = YES_ERROR;
				GCC_WARN_UNDECLARED_SELECTOR = YES;
				GCC_WARN_UNINITIALIZED_AUTOS = YES_AGGRESSIVE;
				GCC_WARN_UNUSED_FUNCTION = YES;
				GCC_WARN_UNUSED_VARIABLE = YES;
				IPHONEOS_DEPLOYMENT_TARGET = 13.2;
				MTL_ENABLE_DEBUG_INFO = INCLUDE_SOURCE;
				MTL_FAST_MATH = YES;
				ONLY_ACTIVE_ARCH = YES;
				SDKROOT = iphoneos;
				SWIFT_ACTIVE_COMPILATION_CONDITIONS = DEBUG;
				SWIFT_OPTIMIZATION_LEVEL = "-Onone";
			};
			name = Debug;
		};
		437DDD54239055C600BE6266 /* Release */ = {
			isa = XCBuildConfiguration;
			buildSettings = {
				ALWAYS_SEARCH_USER_PATHS = NO;
				CLANG_ANALYZER_NONNULL = YES;
				CLANG_ANALYZER_NUMBER_OBJECT_CONVERSION = YES_AGGRESSIVE;
				CLANG_CXX_LANGUAGE_STANDARD = "gnu++14";
				CLANG_CXX_LIBRARY = "libc++";
				CLANG_ENABLE_MODULES = YES;
				CLANG_ENABLE_OBJC_ARC = YES;
				CLANG_ENABLE_OBJC_WEAK = YES;
				CLANG_WARN_BLOCK_CAPTURE_AUTORELEASING = YES;
				CLANG_WARN_BOOL_CONVERSION = YES;
				CLANG_WARN_COMMA = YES;
				CLANG_WARN_CONSTANT_CONVERSION = YES;
				CLANG_WARN_DEPRECATED_OBJC_IMPLEMENTATIONS = YES;
				CLANG_WARN_DIRECT_OBJC_ISA_USAGE = YES_ERROR;
				CLANG_WARN_DOCUMENTATION_COMMENTS = YES;
				CLANG_WARN_EMPTY_BODY = YES;
				CLANG_WARN_ENUM_CONVERSION = YES;
				CLANG_WARN_INFINITE_RECURSION = YES;
				CLANG_WARN_INT_CONVERSION = YES;
				CLANG_WARN_NON_LITERAL_NULL_CONVERSION = YES;
				CLANG_WARN_OBJC_IMPLICIT_RETAIN_SELF = YES;
				CLANG_WARN_OBJC_LITERAL_CONVERSION = YES;
				CLANG_WARN_OBJC_ROOT_CLASS = YES_ERROR;
				CLANG_WARN_RANGE_LOOP_ANALYSIS = YES;
				CLANG_WARN_STRICT_PROTOTYPES = YES;
				CLANG_WARN_SUSPICIOUS_MOVE = YES;
				CLANG_WARN_UNGUARDED_AVAILABILITY = YES_AGGRESSIVE;
				CLANG_WARN_UNREACHABLE_CODE = YES;
				CLANG_WARN__DUPLICATE_METHOD_MATCH = YES;
				COPY_PHASE_STRIP = NO;
				DEBUG_INFORMATION_FORMAT = "dwarf-with-dsym";
				ENABLE_NS_ASSERTIONS = NO;
				ENABLE_STRICT_OBJC_MSGSEND = YES;
				GCC_C_LANGUAGE_STANDARD = gnu11;
				GCC_NO_COMMON_BLOCKS = YES;
				GCC_WARN_64_TO_32_BIT_CONVERSION = YES;
				GCC_WARN_ABOUT_RETURN_TYPE = YES_ERROR;
				GCC_WARN_UNDECLARED_SELECTOR = YES;
				GCC_WARN_UNINITIALIZED_AUTOS = YES_AGGRESSIVE;
				GCC_WARN_UNUSED_FUNCTION = YES;
				GCC_WARN_UNUSED_VARIABLE = YES;
				IPHONEOS_DEPLOYMENT_TARGET = 13.2;
				MTL_ENABLE_DEBUG_INFO = NO;
				MTL_FAST_MATH = YES;
				SDKROOT = iphoneos;
				SWIFT_COMPILATION_MODE = wholemodule;
				SWIFT_OPTIMIZATION_LEVEL = "-O";
				VALIDATE_PRODUCT = YES;
			};
			name = Release;
		};
		437DDD56239055C600BE6266 /* Debug */ = {
			isa = XCBuildConfiguration;
			buildSettings = {
				ASSETCATALOG_COMPILER_APPICON_NAME = AppIcon;
				CODE_SIGN_STYLE = Automatic;
				DEVELOPMENT_ASSET_PATHS = "\"swift-hello-world/Preview Content\"";
				ENABLE_PREVIEWS = YES;
				INFOPLIST_FILE = "swift-hello-world/Info.plist";
				LD_RUNPATH_SEARCH_PATHS = (
					"$(inherited)",
					"@executable_path/Frameworks",
				);
				PRODUCT_BUNDLE_IDENTIFIER = "acc.swift-hello-world";
				PRODUCT_NAME = "$(TARGET_NAME)";
				SWIFT_VERSION = 5.0;
				TARGETED_DEVICE_FAMILY = "1,2";
			};
			name = Debug;
		};
		437DDD57239055C600BE6266 /* Release */ = {
			isa = XCBuildConfiguration;
			buildSettings = {
				ASSETCATALOG_COMPILER_APPICON_NAME = AppIcon;
				CODE_SIGN_STYLE = Automatic;
				DEVELOPMENT_ASSET_PATHS = "\"swift-hello-world/Preview Content\"";
				ENABLE_PREVIEWS = YES;
				INFOPLIST_FILE = "swift-hello-world/Info.plist";
				LD_RUNPATH_SEARCH_PATHS = (
					"$(inherited)",
					"@executable_path/Frameworks",
				);
				PRODUCT_BUNDLE_IDENTIFIER = "acc.swift-hello-world";
				PRODUCT_NAME = "$(TARGET_NAME)";
				SWIFT_VERSION = 5.0;
				TARGETED_DEVICE_FAMILY = "1,2";
			};
			name = Release;
		};
		437DDD59239055C600BE6266 /* Debug */ = {
			isa = XCBuildConfiguration;
			buildSettings = {
				ALWAYS_EMBED_SWIFT_STANDARD_LIBRARIES = YES;
				BUNDLE_LOADER = "$(TEST_HOST)";
				CODE_SIGN_STYLE = Automatic;
				INFOPLIST_FILE = "swift-hello-worldTests/Info.plist";
				IPHONEOS_DEPLOYMENT_TARGET = 13.2;
				LD_RUNPATH_SEARCH_PATHS = (
					"$(inherited)",
					"@executable_path/Frameworks",
					"@loader_path/Frameworks",
				);
				PRODUCT_BUNDLE_IDENTIFIER = "acc.swift-hello-worldTests";
				PRODUCT_NAME = "$(TARGET_NAME)";
				SWIFT_VERSION = 5.0;
				TARGETED_DEVICE_FAMILY = "1,2";
				TEST_HOST = "$(BUILT_PRODUCTS_DIR)/swift-hello-world.app/swift-hello-world";
			};
			name = Debug;
		};
		437DDD5A239055C600BE6266 /* Release */ = {
			isa = XCBuildConfiguration;
			buildSettings = {
				ALWAYS_EMBED_SWIFT_STANDARD_LIBRARIES = YES;
				BUNDLE_LOADER = "$(TEST_HOST)";
				CODE_SIGN_STYLE = Automatic;
				INFOPLIST_FILE = "swift-hello-worldTests/Info.plist";
				IPHONEOS_DEPLOYMENT_TARGET = 13.2;
				LD_RUNPATH_SEARCH_PATHS = (
					"$(inherited)",
					"@executable_path/Frameworks",
					"@loader_path/Frameworks",
				);
				PRODUCT_BUNDLE_IDENTIFIER = "acc.swift-hello-worldTests";
				PRODUCT_NAME = "$(TARGET_NAME)";
				SWIFT_VERSION = 5.0;
				TARGETED_DEVICE_FAMILY = "1,2";
				TEST_HOST = "$(BUILT_PRODUCTS_DIR)/swift-hello-world.app/swift-hello-world";
			};
			name = Release;
		};
		437DDD5C239055C600BE6266 /* Debug */ = {
			isa = XCBuildConfiguration;
			buildSettings = {
				ALWAYS_EMBED_SWIFT_STANDARD_LIBRARIES = YES;
				CODE_SIGN_STYLE = Automatic;
				INFOPLIST_FILE = "swift-hello-worldUITests/Info.plist";
				LD_RUNPATH_SEARCH_PATHS = (
					"$(inherited)",
					"@executable_path/Frameworks",
					"@loader_path/Frameworks",
				);
				PRODUCT_BUNDLE_IDENTIFIER = "acc.swift-hello-worldUITests";
				PRODUCT_NAME = "$(TARGET_NAME)";
				SWIFT_VERSION = 5.0;
				TARGETED_DEVICE_FAMILY = "1,2";
				TEST_TARGET_NAME = "swift-hello-world";
			};
			name = Debug;
		};
		437DDD5D239055C600BE6266 /* Release */ = {
			isa = XCBuildConfiguration;
			buildSettings = {
				ALWAYS_EMBED_SWIFT_STANDARD_LIBRARIES = YES;
				CODE_SIGN_STYLE = Automatic;
				INFOPLIST_FILE = "swift-hello-worldUITests/Info.plist";
				LD_RUNPATH_SEARCH_PATHS = (
					"$(inherited)",
					"@executable_path/Frameworks",
					"@loader_path/Frameworks",
				);
				PRODUCT_BUNDLE_IDENTIFIER = "acc.swift-hello-worldUITests";
				PRODUCT_NAME = "$(TARGET_NAME)";
				SWIFT_VERSION = 5.0;
				TARGETED_DEVICE_FAMILY = "1,2";
				TEST_TARGET_NAME = "swift-hello-world";
			};
			name = Release;
		};
/* End XCBuildConfiguration section */

/* Begin XCConfigurationList section */
		437DDD26239055B700BE6266 /* Build configuration list for PBXProject "swift-hello-world" */ = {
			isa = XCConfigurationList;
			buildConfigurations = (
				437DDD53239055C600BE6266 /* Debug */,
				437DDD54239055C600BE6266 /* Release */,
			);
			defaultConfigurationIsVisible = 0;
			defaultConfigurationName = Release;
		};
		437DDD55239055C600BE6266 /* Build configuration list for PBXNativeTarget "swift-hello-world" */ = {
			isa = XCConfigurationList;
			buildConfigurations = (
				437DDD56239055C600BE6266 /* Debug */,
				437DDD57239055C600BE6266 /* Release */,
			);
			defaultConfigurationIsVisible = 0;
			defaultConfigurationName = Release;
		};
		437DDD58239055C600BE6266 /* Build configuration list for PBXNativeTarget "swift-hello-worldTests" */ = {
			isa = XCConfigurationList;
			buildConfigurations = (
				437DDD59239055C600BE6266 /* Debug */,
				437DDD5A239055C600BE6266 /* Release */,
			);
			defaultConfigurationIsVisible = 0;
			defaultConfigurationName = Release;
		};
		437DDD5B239055C600BE6266 /* Build configuration list for PBXNativeTarget "swift-hello-worldUITests" */ = {
			isa = XCConfigurationList;
			buildConfigurations = (
				437DDD5C239055C600BE6266 /* Debug */,
				437DDD5D239055C600BE6266 /* Release */,
			);
			defaultConfigurationIsVisible = 0;
			defaultConfigurationName = Release;
		};
/* End XCConfigurationList section */
	};
	rootObject = 437DDD23239055B700BE6266 /* Project object */;
}
